
Microsoft Visual Studio Solution File, Format Version 12.00
# Visual Studio Version 17
VisualStudioVersion = 17.5.33424.131
MinimumVisualStudioVersion = 10.0.40219.1
Project("{FAE04EC0-301F-11D3-BF4B-00C04F79EFBC}") = "Soru2", "Soru2\Soru2.csproj", "{BDAEAB5E-CFAB-4C04-A2D8-BEDC67CC1C76}"
EndProject
Global
	GlobalSection(SolutionConfigurationPlatforms) = preSolution
		Debug|Any CPU = Debug|Any CPU
		Release|Any CPU = Release|Any CPU
	EndGlobalSection
	GlobalSection(ProjectConfigurationPlatforms) = postSolution
		{BDAEAB5E-CFAB-4C04-A2D8-BEDC67CC1C76}.Debug|Any CPU.ActiveCfg = Debug|Any CPU
		{BDAEAB5E-CFAB-4C04-A2D8-BEDC67CC1C76}.Debug|Any CPU.Build.0 = Debug|Any CPU
		{BDAEAB5E-CFAB-4C04-A2D8-BEDC67CC1C76}.Release|Any CPU.ActiveCfg = Release|Any CPU
		{BDAEAB5E-CFAB-4C04-A2D8-BEDC67CC1C76}.Release|Any CPU.Build.0 = Release|Any CPU
	EndGlobalSection
	GlobalSection(SolutionProperties) = preSolution
		HideSolutionNode = FALSE
	EndGlobalSection
	GlobalSection(ExtensibilityGlobals) = postSolution
		SolutionGuid = {B61FAC2A-326B-40E6-932D-8BD7C3E4249F}
	EndGlobalSection
EndGlobal
